{
  "name": "innocent-adventure",
  "version": "1.0.0",
  "lockfileVersion": 3,
  "requires": true,
  "packages": {
    "": {
      "name": "innocent-adventure",
      "version": "1.0.0",
      "license": "ISC",
      "dependencies": {
        "dep-with-legitimate-postinstall": "github:DavidBruant/dep-with-legitimate-postinstall",
        "dep-with-malicious-postinstall": "github:DavidBruant/dep-with-malicious-postinstall"
      }
    },
    "node_modules/dep-with-legitimate-postinstall": {
      "version": "1.0.0",
      "resolved": "git+ssh://git@github.com/DavidBruant/dep-with-legitimate-postinstall.git#9e2b4f639654e864b7095725f2098a1fb3003277",
      "hasInstallScript": true,
      "license": "ISC"
    },
    "node_modules/dep-with-malicious-postinstall": {
      "version": "1.0.0",
      "resolved": "git+ssh://git@github.com/DavidBruant/dep-with-malicious-postinstall.git#ac6392af924f1d053d9c6be8d0443de9bf92dd33",
      "hasInstallScript": true,
      "license": "ISC"
    }
  }
}
